
Microsoft Visual Studio Solution File, Format Version 12.00
# Visual Studio Version 17
VisualStudioVersion = 17.8.34330.188
MinimumVisualStudioVersion = 10.0.40219.1
Project("{FAE04EC0-301F-11D3-BF4B-00C04F79EFBC}") = "LeggyMazeLib", "LeggyMazeLib\LeggyMazeLib.csproj", "{B6DEEE21-4C9B-432F-8060-EE52F5098C54}"
EndProject
Global
	GlobalSection(SolutionConfigurationPlatforms) = preSolution
		Debug|Any CPU = Debug|Any CPU
		Release|Any CPU = Release|Any CPU
	EndGlobalSection
	GlobalSection(ProjectConfigurationPlatforms) = postSolution
		{B6DEEE21-4C9B-432F-8060-EE52F5098C54}.Debug|Any CPU.ActiveCfg = Debug|Any CPU
		{B6DEEE21-4C9B-432F-8060-EE52F5098C54}.Debug|Any CPU.Build.0 = Debug|Any CPU
		{B6DEEE21-4C9B-432F-8060-EE52F5098C54}.Release|Any CPU.ActiveCfg = Release|Any CPU
		{B6DEEE21-4C9B-432F-8060-EE52F5098C54}.Release|Any CPU.Build.0 = Release|Any CPU
	EndGlobalSection
	GlobalSection(SolutionProperties) = preSolution
		HideSolutionNode = FALSE
	EndGlobalSection
	GlobalSection(ExtensibilityGlobals) = postSolution
		SolutionGuid = {2EF5D234-39DF-4763-8F65-2064478CB82F}
	EndGlobalSection
EndGlobal
